
Microsoft Visual Studio Solution File, Format Version 12.00
Project("{2150E333-8FDC-42A3-9474-1A3956D46DE8}") = "src", "src", "{953D85B0-D46B-4888-9F0A-C2DBFFC6D6F2}"
EndProject
Project("{2150E333-8FDC-42A3-9474-1A3956D46DE8}") = "test", "test", "{14538B6F-EE6A-4C7A-A941-EEB9FD5256C9}"
EndProject
Project("{2150E333-8FDC-42A3-9474-1A3956D46DE8}") = "API", "API", "{598711E1-0592-4CBA-A13F-8D83F2C1D549}"
EndProject
Project("{2150E333-8FDC-42A3-9474-1A3956D46DE8}") = "UI", "UI", "{99881748-6667-46FF-9DF2-59C3C8B7A371}"
EndProject
Project("{2150E333-8FDC-42A3-9474-1A3956D46DE8}") = "Core", "Core", "{50617C0B-DD3D-4F37-8F20-1FA7160E4BF1}"
EndProject
Project("{2150E333-8FDC-42A3-9474-1A3956D46DE8}") = "Infrastructure", "Infrastructure", "{81CAC9D9-C746-4E58-8248-6BC187D14A36}"
EndProject
Project("{2150E333-8FDC-42A3-9474-1A3956D46DE8}") = "Presentation", "Presentation", "{E0B585FB-6AD7-4680-A2A1-3D72522F6E1D}"
EndProject
Project("{2150E333-8FDC-42A3-9474-1A3956D46DE8}") = "Core", "Core", "{7AFD0EE8-C153-4181-8ACA-49B576583E99}"
EndProject
Project("{2150E333-8FDC-42A3-9474-1A3956D46DE8}") = "Infrastructure", "Infrastructure", "{6940C144-BA38-41D9-B2A1-D9E341242619}"
EndProject
Project("{2150E333-8FDC-42A3-9474-1A3956D46DE8}") = "Presentation", "Presentation", "{E0BF0755-2AC4-4D45-9190-C9F865A3EA4D}"
EndProject
Project("{2150E333-8FDC-42A3-9474-1A3956D46DE8}") = "API", "API", "{F59CB757-67A1-4CF3-AE7E-B4DEB96C6BF7}"
EndProject
Project("{2150E333-8FDC-42A3-9474-1A3956D46DE8}") = "UI", "UI", "{56F33884-3A21-432B-B087-BC93F67308ED}"
EndProject
Global
	GlobalSection(SolutionConfigurationPlatforms) = preSolution
		Debug|Any CPU = Debug|Any CPU
		Release|Any CPU = Release|Any CPU
	EndGlobalSection
	GlobalSection(NestedProjects) = preSolution
		{598711E1-0592-4CBA-A13F-8D83F2C1D549} = {953D85B0-D46B-4888-9F0A-C2DBFFC6D6F2}
		{99881748-6667-46FF-9DF2-59C3C8B7A371} = {953D85B0-D46B-4888-9F0A-C2DBFFC6D6F2}
		{50617C0B-DD3D-4F37-8F20-1FA7160E4BF1} = {598711E1-0592-4CBA-A13F-8D83F2C1D549}
		{81CAC9D9-C746-4E58-8248-6BC187D14A36} = {598711E1-0592-4CBA-A13F-8D83F2C1D549}
		{E0B585FB-6AD7-4680-A2A1-3D72522F6E1D} = {598711E1-0592-4CBA-A13F-8D83F2C1D549}
		{7AFD0EE8-C153-4181-8ACA-49B576583E99} = {99881748-6667-46FF-9DF2-59C3C8B7A371}
		{6940C144-BA38-41D9-B2A1-D9E341242619} = {99881748-6667-46FF-9DF2-59C3C8B7A371}
		{E0BF0755-2AC4-4D45-9190-C9F865A3EA4D} = {99881748-6667-46FF-9DF2-59C3C8B7A371}
		{F59CB757-67A1-4CF3-AE7E-B4DEB96C6BF7} = {14538B6F-EE6A-4C7A-A941-EEB9FD5256C9}
		{56F33884-3A21-432B-B087-BC93F67308ED} = {14538B6F-EE6A-4C7A-A941-EEB9FD5256C9}
	EndGlobalSection
EndGlobal
